
Microsoft Visual Studio Solution File, Format Version 12.00
# Visual Studio Version 17
VisualStudioVersion = 17.1.32210.238
MinimumVisualStudioVersion = 10.0.40219.1
Project("{FAE04EC0-301F-11D3-BF4B-00C04F79EFBC}") = "Practic07.03", "Practic07.03\Practic07.03.csproj", "{4AF06B0C-19FF-4080-8100-20BE793EC542}"
EndProject
Global
	GlobalSection(SolutionConfigurationPlatforms) = preSolution
		Debug|Any CPU = Debug|Any CPU
		Release|Any CPU = Release|Any CPU
	EndGlobalSection
	GlobalSection(ProjectConfigurationPlatforms) = postSolution
		{4AF06B0C-19FF-4080-8100-20BE793EC542}.Debug|Any CPU.ActiveCfg = Debug|Any CPU
		{4AF06B0C-19FF-4080-8100-20BE793EC542}.Debug|Any CPU.Build.0 = Debug|Any CPU
		{4AF06B0C-19FF-4080-8100-20BE793EC542}.Release|Any CPU.ActiveCfg = Release|Any CPU
		{4AF06B0C-19FF-4080-8100-20BE793EC542}.Release|Any CPU.Build.0 = Release|Any CPU
	EndGlobalSection
	GlobalSection(SolutionProperties) = preSolution
		HideSolutionNode = FALSE
	EndGlobalSection
	GlobalSection(ExtensibilityGlobals) = postSolution
		SolutionGuid = {1B84D861-7266-4157-9D19-89360970002C}
	EndGlobalSection
EndGlobal
